// !$*UTF8*$!
{
	archiveVersion = 1;
	classes = {
	};
	objectVersion = 51;
	objects = {

/* Begin PBXBuildFile section */
		074654131372C780A4ABD29E /* Pods_RecipesAppTests.framework in Frameworks */ = {isa = PBXBuildFile; fileRef = 97BD82AFC958BD9485F3872A /* Pods_RecipesAppTests.framework */; };
		1D3D90D225BA2BFC00BEC2D8 /* MainViewModel.swift in Sources */ = {isa = PBXBuildFile; fileRef = 1D3D90D125BA2BFC00BEC2D8 /* MainViewModel.swift */; };
		1D3D90D725BA2C6300BEC2D8 /* ViewModelType.swift in Sources */ = {isa = PBXBuildFile; fileRef = 1D3D90D625BA2C6300BEC2D8 /* ViewModelType.swift */; };
		1D3D90DC25BA302900BEC2D8 /* RecipeCategory.swift in Sources */ = {isa = PBXBuildFile; fileRef = 1D3D90DB25BA302900BEC2D8 /* RecipeCategory.swift */; };
		1D3D90E225BA356600BEC2D8 /* MainViewState.swift in Sources */ = {isa = PBXBuildFile; fileRef = 1D3D90E125BA356600BEC2D8 /* MainViewState.swift */; };
		1D3D90EA25BA38E900BEC2D8 /* Reducer.swift in Sources */ = {isa = PBXBuildFile; fileRef = 1D3D90E925BA38E900BEC2D8 /* Reducer.swift */; };
		1D3D90EF25BA3A1D00BEC2D8 /* MainReducer.swift in Sources */ = {isa = PBXBuildFile; fileRef = 1D3D90EE25BA3A1D00BEC2D8 /* MainReducer.swift */; };
		1D3D911025C8B21E00BEC2D8 /* MainEvent.swift in Sources */ = {isa = PBXBuildFile; fileRef = 1D3D910F25C8B21E00BEC2D8 /* MainEvent.swift */; };
		1D3D91A525E3198300BEC2D8 /* BaseViewModel.swift in Sources */ = {isa = PBXBuildFile; fileRef = 1D3D91A425E3198300BEC2D8 /* BaseViewModel.swift */; };
		1DF258E1257D56B800D540B9 /* AppDelegate.swift in Sources */ = {isa = PBXBuildFile; fileRef = 1DF258E0257D56B800D540B9 /* AppDelegate.swift */; };
		1DF258E3257D56B800D540B9 /* SceneDelegate.swift in Sources */ = {isa = PBXBuildFile; fileRef = 1DF258E2257D56B800D540B9 /* SceneDelegate.swift */; };
		1DF258EA257D56B800D540B9 /* Assets.xcassets in Resources */ = {isa = PBXBuildFile; fileRef = 1DF258E9257D56B800D540B9 /* Assets.xcassets */; };
		1DF258ED257D56B800D540B9 /* LaunchScreen.storyboard in Resources */ = {isa = PBXBuildFile; fileRef = 1DF258EB257D56B800D540B9 /* LaunchScreen.storyboard */; };
		1DF258F8257D56B800D540B9 /* RecipesAppTests.swift in Sources */ = {isa = PBXBuildFile; fileRef = 1DF258F7257D56B800D540B9 /* RecipesAppTests.swift */; };
		1DF25903257D56B800D540B9 /* RecipesAppUITests.swift in Sources */ = {isa = PBXBuildFile; fileRef = 1DF25902257D56B800D540B9 /* RecipesAppUITests.swift */; };
		1DF2592A257D599C00D540B9 /* MainViewController.swift in Sources */ = {isa = PBXBuildFile; fileRef = 1DF25929257D599C00D540B9 /* MainViewController.swift */; };
		1DF25935257D59D200D540B9 /* MainView.swift in Sources */ = {isa = PBXBuildFile; fileRef = 1DF25934257D59D200D540B9 /* MainView.swift */; };
		1DF2593A257D59F800D540B9 /* RecipeCategoryCell.swift in Sources */ = {isa = PBXBuildFile; fileRef = 1DF25939257D59F800D540B9 /* RecipeCategoryCell.swift */; };
		D5165EB19DFE493B6C55CB86 /* Pods_RecipesApp.framework in Frameworks */ = {isa = PBXBuildFile; fileRef = 2191939E99C48565FB6B5AE6 /* Pods_RecipesApp.framework */; };
		E1EEEF9A5B473367952906F7 /* Pods_RecipesAppUITests.framework in Frameworks */ = {isa = PBXBuildFile; fileRef = F38F4A771B89A640BB030EFB /* Pods_RecipesAppUITests.framework */; };
/* End PBXBuildFile section */

/* Begin PBXContainerItemProxy section */
		1DF258F4257D56B800D540B9 /* PBXContainerItemProxy */ = {
			isa = PBXContainerItemProxy;
			containerPortal = 1DF258D5257D56B800D540B9 /* Project object */;
			proxyType = 1;
			remoteGlobalIDString = 1DF258DC257D56B800D540B9;
			remoteInfo = RecipesApp;
		};
		1DF258FF257D56B800D540B9 /* PBXContainerItemProxy */ = {
			isa = PBXContainerItemProxy;
			containerPortal = 1DF258D5257D56B800D540B9 /* Project object */;
			proxyType = 1;
			remoteGlobalIDString = 1DF258DC257D56B800D540B9;
			remoteInfo = RecipesApp;
		};
/* End PBXContainerItemProxy section */

/* Begin PBXFileReference section */
		001A0DC4EC03A052D0842D26 /* Pods-RecipesApp-RecipesAppUITests.release.xcconfig */ = {isa = PBXFileReference; includeInIndex = 1; lastKnownFileType = text.xcconfig; name = "Pods-RecipesApp-RecipesAppUITests.release.xcconfig"; path = "Target Support Files/Pods-RecipesApp-RecipesAppUITests/Pods-RecipesApp-RecipesAppUITests.release.xcconfig"; sourceTree = "<group>"; };
		0CFB8522B463CAECB379C904 /* Pods-RecipesApp-RecipesAppUITests.debug.xcconfig */ = {isa = PBXFileReference; includeInIndex = 1; lastKnownFileType = text.xcconfig; name = "Pods-RecipesApp-RecipesAppUITests.debug.xcconfig"; path = "Target Support Files/Pods-RecipesApp-RecipesAppUITests/Pods-RecipesApp-RecipesAppUITests.debug.xcconfig"; sourceTree = "<group>"; };
		1D3D90D125BA2BFC00BEC2D8 /* MainViewModel.swift */ = {isa = PBXFileReference; lastKnownFileType = sourcecode.swift; path = MainViewModel.swift; sourceTree = "<group>"; };
		1D3D90D625BA2C6300BEC2D8 /* ViewModelType.swift */ = {isa = PBXFileReference; lastKnownFileType = sourcecode.swift; path = ViewModelType.swift; sourceTree = "<group>"; };
		1D3D90DB25BA302900BEC2D8 /* RecipeCategory.swift */ = {isa = PBXFileReference; lastKnownFileType = sourcecode.swift; path = RecipeCategory.swift; sourceTree = "<group>"; };
		1D3D90E125BA356600BEC2D8 /* MainViewState.swift */ = {isa = PBXFileReference; lastKnownFileType = sourcecode.swift; path = MainViewState.swift; sourceTree = "<group>"; };
		1D3D90E925BA38E900BEC2D8 /* Reducer.swift */ = {isa = PBXFileReference; lastKnownFileType = sourcecode.swift; path = Reducer.swift; sourceTree = "<group>"; };
		1D3D90EE25BA3A1D00BEC2D8 /* MainReducer.swift */ = {isa = PBXFileReference; lastKnownFileType = sourcecode.swift; path = MainReducer.swift; sourceTree = "<group>"; };
		1D3D910F25C8B21E00BEC2D8 /* MainEvent.swift */ = {isa = PBXFileReference; lastKnownFileType = sourcecode.swift; path = MainEvent.swift; sourceTree = "<group>"; };
		1D3D91A425E3198300BEC2D8 /* BaseViewModel.swift */ = {isa = PBXFileReference; lastKnownFileType = sourcecode.swift; path = BaseViewModel.swift; sourceTree = "<group>"; };
		1DF258DD257D56B800D540B9 /* RecipesApp.app */ = {isa = PBXFileReference; explicitFileType = wrapper.application; includeInIndex = 0; path = RecipesApp.app; sourceTree = BUILT_PRODUCTS_DIR; };
		1DF258E0257D56B800D540B9 /* AppDelegate.swift */ = {isa = PBXFileReference; lastKnownFileType = sourcecode.swift; path = AppDelegate.swift; sourceTree = "<group>"; };
		1DF258E2257D56B800D540B9 /* SceneDelegate.swift */ = {isa = PBXFileReference; lastKnownFileType = sourcecode.swift; path = SceneDelegate.swift; sourceTree = "<group>"; };
		1DF258E9257D56B800D540B9 /* Assets.xcassets */ = {isa = PBXFileReference; lastKnownFileType = folder.assetcatalog; path = Assets.xcassets; sourceTree = "<group>"; };
		1DF258EC257D56B800D540B9 /* Base */ = {isa = PBXFileReference; lastKnownFileType = file.storyboard; name = Base; path = Base.lproj/LaunchScreen.storyboard; sourceTree = "<group>"; };
		1DF258EE257D56B800D540B9 /* Info.plist */ = {isa = PBXFileReference; lastKnownFileType = text.plist.xml; path = Info.plist; sourceTree = "<group>"; };
		1DF258F3257D56B800D540B9 /* RecipesAppTests.xctest */ = {isa = PBXFileReference; explicitFileType = wrapper.cfbundle; includeInIndex = 0; path = RecipesAppTests.xctest; sourceTree = BUILT_PRODUCTS_DIR; };
		1DF258F7257D56B800D540B9 /* RecipesAppTests.swift */ = {isa = PBXFileReference; lastKnownFileType = sourcecode.swift; path = RecipesAppTests.swift; sourceTree = "<group>"; };
		1DF258F9257D56B800D540B9 /* Info.plist */ = {isa = PBXFileReference; lastKnownFileType = text.plist.xml; path = Info.plist; sourceTree = "<group>"; };
		1DF258FE257D56B800D540B9 /* RecipesAppUITests.xctest */ = {isa = PBXFileReference; explicitFileType = wrapper.cfbundle; includeInIndex = 0; path = RecipesAppUITests.xctest; sourceTree = BUILT_PRODUCTS_DIR; };
		1DF25902257D56B800D540B9 /* RecipesAppUITests.swift */ = {isa = PBXFileReference; lastKnownFileType = sourcecode.swift; path = RecipesAppUITests.swift; sourceTree = "<group>"; };
		1DF25904257D56B800D540B9 /* Info.plist */ = {isa = PBXFileReference; lastKnownFileType = text.plist.xml; path = Info.plist; sourceTree = "<group>"; };
		1DF25929257D599C00D540B9 /* MainViewController.swift */ = {isa = PBXFileReference; lastKnownFileType = sourcecode.swift; path = MainViewController.swift; sourceTree = "<group>"; };
		1DF25934257D59D200D540B9 /* MainView.swift */ = {isa = PBXFileReference; lastKnownFileType = sourcecode.swift; path = MainView.swift; sourceTree = "<group>"; };
		1DF25939257D59F800D540B9 /* RecipeCategoryCell.swift */ = {isa = PBXFileReference; lastKnownFileType = sourcecode.swift; path = RecipeCategoryCell.swift; sourceTree = "<group>"; };
		2191939E99C48565FB6B5AE6 /* Pods_RecipesApp.framework */ = {isa = PBXFileReference; explicitFileType = wrapper.framework; includeInIndex = 0; path = Pods_RecipesApp.framework; sourceTree = BUILT_PRODUCTS_DIR; };
		56D0117503B04A3180B4E0EC /* Pods-RecipesAppUITests.debug.xcconfig */ = {isa = PBXFileReference; includeInIndex = 1; lastKnownFileType = text.xcconfig; name = "Pods-RecipesAppUITests.debug.xcconfig"; path = "Target Support Files/Pods-RecipesAppUITests/Pods-RecipesAppUITests.debug.xcconfig"; sourceTree = "<group>"; };
		79C69D281114883F4BB82DFC /* Pods-RecipesAppTests.release.xcconfig */ = {isa = PBXFileReference; includeInIndex = 1; lastKnownFileType = text.xcconfig; name = "Pods-RecipesAppTests.release.xcconfig"; path = "Target Support Files/Pods-RecipesAppTests/Pods-RecipesAppTests.release.xcconfig"; sourceTree = "<group>"; };
		97BD82AFC958BD9485F3872A /* Pods_RecipesAppTests.framework */ = {isa = PBXFileReference; explicitFileType = wrapper.framework; includeInIndex = 0; path = Pods_RecipesAppTests.framework; sourceTree = BUILT_PRODUCTS_DIR; };
		9E8389D1D274A97D18AB45E4 /* Pods-RecipesAppUITests.release.xcconfig */ = {isa = PBXFileReference; includeInIndex = 1; lastKnownFileType = text.xcconfig; name = "Pods-RecipesAppUITests.release.xcconfig"; path = "Target Support Files/Pods-RecipesAppUITests/Pods-RecipesAppUITests.release.xcconfig"; sourceTree = "<group>"; };
		B0E673E8915C72B460E59DF0 /* Pods-RecipesAppTests.debug.xcconfig */ = {isa = PBXFileReference; includeInIndex = 1; lastKnownFileType = text.xcconfig; name = "Pods-RecipesAppTests.debug.xcconfig"; path = "Target Support Files/Pods-RecipesAppTests/Pods-RecipesAppTests.debug.xcconfig"; sourceTree = "<group>"; };
		F38F4A771B89A640BB030EFB /* Pods_RecipesAppUITests.framework */ = {isa = PBXFileReference; explicitFileType = wrapper.framework; includeInIndex = 0; path = Pods_RecipesAppUITests.framework; sourceTree = BUILT_PRODUCTS_DIR; };
		F92F004C9DE8F25FE34ED60C /* Pods-RecipesApp.debug.xcconfig */ = {isa = PBXFileReference; includeInIndex = 1; lastKnownFileType = text.xcconfig; name = "Pods-RecipesApp.debug.xcconfig"; path = "Target Support Files/Pods-RecipesApp/Pods-RecipesApp.debug.xcconfig"; sourceTree = "<group>"; };
		FA7429D2FD4529A1D4BCBA9E /* Pods-RecipesApp.release.xcconfig */ = {isa = PBXFileReference; includeInIndex = 1; lastKnownFileType = text.xcconfig; name = "Pods-RecipesApp.release.xcconfig"; path = "Target Support Files/Pods-RecipesApp/Pods-RecipesApp.release.xcconfig"; sourceTree = "<group>"; };
/* End PBXFileReference section */

/* Begin PBXFrameworksBuildPhase section */
		1DF258DA257D56B800D540B9 /* Frameworks */ = {
			isa = PBXFrameworksBuildPhase;
			buildActionMask = 2147483647;
			files = (
				D5165EB19DFE493B6C55CB86 /* Pods_RecipesApp.framework in Frameworks */,
			);
			runOnlyForDeploymentPostprocessing = 0;
		};
		1DF258F0257D56B800D540B9 /* Frameworks */ = {
			isa = PBXFrameworksBuildPhase;
			buildActionMask = 2147483647;
			files = (
				074654131372C780A4ABD29E /* Pods_RecipesAppTests.framework in Frameworks */,
			);
			runOnlyForDeploymentPostprocessing = 0;
		};
		1DF258FB257D56B800D540B9 /* Frameworks */ = {
			isa = PBXFrameworksBuildPhase;
			buildActionMask = 2147483647;
			files = (
				E1EEEF9A5B473367952906F7 /* Pods_RecipesAppUITests.framework in Frameworks */,
			);
			runOnlyForDeploymentPostprocessing = 0;
		};
/* End PBXFrameworksBuildPhase section */

/* Begin PBXGroup section */
		1D3D90E025BA354F00BEC2D8 /* State */ = {
			isa = PBXGroup;
			children = (
				1D3D912925CFFD1800BEC2D8 /* ViewState */,
				1D3D912825CFFD0E00BEC2D8 /* Event */,
				1D3D912725CFFCF100BEC2D8 /* Reducer */,
			);
			path = State;
			sourceTree = "<group>";
		};
		1D3D912725CFFCF100BEC2D8 /* Reducer */ = {
			isa = PBXGroup;
			children = (
				1D3D90E925BA38E900BEC2D8 /* Reducer.swift */,
				1D3D90EE25BA3A1D00BEC2D8 /* MainReducer.swift */,
			);
			path = Reducer;
			sourceTree = "<group>";
		};
		1D3D912825CFFD0E00BEC2D8 /* Event */ = {
			isa = PBXGroup;
			children = (
				1D3D910F25C8B21E00BEC2D8 /* MainEvent.swift */,
			);
			path = Event;
			sourceTree = "<group>";
		};
		1D3D912925CFFD1800BEC2D8 /* ViewState */ = {
			isa = PBXGroup;
			children = (
				1D3D90E125BA356600BEC2D8 /* MainViewState.swift */,
			);
			path = ViewState;
			sourceTree = "<group>";
		};
		1DF258D4257D56B800D540B9 = {
			isa = PBXGroup;
			children = (
				1DF258DF257D56B800D540B9 /* RecipesApp */,
				1DF258F6257D56B800D540B9 /* RecipesAppTests */,
				1DF25901257D56B800D540B9 /* RecipesAppUITests */,
				1DF258DE257D56B800D540B9 /* Products */,
				516CF3EFECACE411775FAB9F /* Pods */,
				D1BE2B9234BE2FFE796FB66C /* Frameworks */,
			);
			sourceTree = "<group>";
		};
		1DF258DE257D56B800D540B9 /* Products */ = {
			isa = PBXGroup;
			children = (
				1DF258DD257D56B800D540B9 /* RecipesApp.app */,
				1DF258F3257D56B800D540B9 /* RecipesAppTests.xctest */,
				1DF258FE257D56B800D540B9 /* RecipesAppUITests.xctest */,
			);
			name = Products;
			sourceTree = "<group>";
		};
		1DF258DF257D56B800D540B9 /* RecipesApp */ = {
			isa = PBXGroup;
			children = (
				1D3D90E025BA354F00BEC2D8 /* State */,
				1DF25928257D598200D540B9 /* Model */,
				1DF25927257D597B00D540B9 /* View */,
				1DF25926257D597100D540B9 /* ViewModel */,
				1DF25925257D594D00D540B9 /* Repository */,
				1DF25924257D594500D540B9 /* Controller */,
				1DF25923257D593500D540B9 /* Common */,
				1DF258E9257D56B800D540B9 /* Assets.xcassets */,
				1DF258EB257D56B800D540B9 /* LaunchScreen.storyboard */,
				1DF258EE257D56B800D540B9 /* Info.plist */,
			);
			path = RecipesApp;
			sourceTree = "<group>";
		};
		1DF258F6257D56B800D540B9 /* RecipesAppTests */ = {
			isa = PBXGroup;
			children = (
				1DF258F7257D56B800D540B9 /* RecipesAppTests.swift */,
				1DF258F9257D56B800D540B9 /* Info.plist */,
			);
			path = RecipesAppTests;
			sourceTree = "<group>";
		};
		1DF25901257D56B800D540B9 /* RecipesAppUITests */ = {
			isa = PBXGroup;
			children = (
				1DF25902257D56B800D540B9 /* RecipesAppUITests.swift */,
				1DF25904257D56B800D540B9 /* Info.plist */,
			);
			path = RecipesAppUITests;
			sourceTree = "<group>";
		};
		1DF25923257D593500D540B9 /* Common */ = {
			isa = PBXGroup;
			children = (
				1DF258E0257D56B800D540B9 /* AppDelegate.swift */,
				1DF258E2257D56B800D540B9 /* SceneDelegate.swift */,
			);
			path = Common;
			sourceTree = "<group>";
		};
		1DF25924257D594500D540B9 /* Controller */ = {
			isa = PBXGroup;
			children = (
				1DF25929257D599C00D540B9 /* MainViewController.swift */,
			);
			path = Controller;
			sourceTree = "<group>";
		};
		1DF25925257D594D00D540B9 /* Repository */ = {
			isa = PBXGroup;
			children = (
			);
			path = Repository;
			sourceTree = "<group>";
		};
		1DF25926257D597100D540B9 /* ViewModel */ = {
			isa = PBXGroup;
			children = (
				1D3D90D125BA2BFC00BEC2D8 /* MainViewModel.swift */,
				1D3D90D625BA2C6300BEC2D8 /* ViewModelType.swift */,
				1D3D91A425E3198300BEC2D8 /* BaseViewModel.swift */,
			);
			path = ViewModel;
			sourceTree = "<group>";
		};
		1DF25927257D597B00D540B9 /* View */ = {
			isa = PBXGroup;
			children = (
				1DF25934257D59D200D540B9 /* MainView.swift */,
				1DF25939257D59F800D540B9 /* RecipeCategoryCell.swift */,
			);
			path = View;
			sourceTree = "<group>";
		};
		1DF25928257D598200D540B9 /* Model */ = {
			isa = PBXGroup;
			children = (
				1D3D90DB25BA302900BEC2D8 /* RecipeCategory.swift */,
			);
			path = Model;
			sourceTree = "<group>";
		};
		516CF3EFECACE411775FAB9F /* Pods */ = {
			isa = PBXGroup;
			children = (
				F92F004C9DE8F25FE34ED60C /* Pods-RecipesApp.debug.xcconfig */,
				FA7429D2FD4529A1D4BCBA9E /* Pods-RecipesApp.release.xcconfig */,
				0CFB8522B463CAECB379C904 /* Pods-RecipesApp-RecipesAppUITests.debug.xcconfig */,
				001A0DC4EC03A052D0842D26 /* Pods-RecipesApp-RecipesAppUITests.release.xcconfig */,
				B0E673E8915C72B460E59DF0 /* Pods-RecipesAppTests.debug.xcconfig */,
				79C69D281114883F4BB82DFC /* Pods-RecipesAppTests.release.xcconfig */,
				56D0117503B04A3180B4E0EC /* Pods-RecipesAppUITests.debug.xcconfig */,
				9E8389D1D274A97D18AB45E4 /* Pods-RecipesAppUITests.release.xcconfig */,
			);
			path = Pods;
			sourceTree = "<group>";
		};
		D1BE2B9234BE2FFE796FB66C /* Frameworks */ = {
			isa = PBXGroup;
			children = (
				2191939E99C48565FB6B5AE6 /* Pods_RecipesApp.framework */,
				97BD82AFC958BD9485F3872A /* Pods_RecipesAppTests.framework */,
				F38F4A771B89A640BB030EFB /* Pods_RecipesAppUITests.framework */,
			);
			name = Frameworks;
			sourceTree = "<group>";
		};
/* End PBXGroup section */

/* Begin PBXNativeTarget section */
		1DF258DC257D56B800D540B9 /* RecipesApp */ = {
			isa = PBXNativeTarget;
			buildConfigurationList = 1DF25907257D56B800D540B9 /* Build configuration list for PBXNativeTarget "RecipesApp" */;
			buildPhases = (
				3392B9AD62873F7D20AAC345 /* [CP] Check Pods Manifest.lock */,
				1DF258D9257D56B800D540B9 /* Sources */,
				1DF258DA257D56B800D540B9 /* Frameworks */,
				1DF258DB257D56B800D540B9 /* Resources */,
				390D02CADDE53B03DA46D83F /* [CP] Embed Pods Frameworks */,
			);
			buildRules = (
			);
			dependencies = (
			);
			name = RecipesApp;
			productName = RecipesApp;
			productReference = 1DF258DD257D56B800D540B9 /* RecipesApp.app */;
			productType = "com.apple.product-type.application";
		};
		1DF258F2257D56B800D540B9 /* RecipesAppTests */ = {
			isa = PBXNativeTarget;
			buildConfigurationList = 1DF2590A257D56B800D540B9 /* Build configuration list for PBXNativeTarget "RecipesAppTests" */;
			buildPhases = (
				82F9A626EC49A265FB179127 /* [CP] Check Pods Manifest.lock */,
				1DF258EF257D56B800D540B9 /* Sources */,
				1DF258F0257D56B800D540B9 /* Frameworks */,
				1DF258F1257D56B800D540B9 /* Resources */,
				2948B90C74C1B0C878A79C45 /* [CP] Embed Pods Frameworks */,
			);
			buildRules = (
			);
			dependencies = (
				1DF258F5257D56B800D540B9 /* PBXTargetDependency */,
			);
			name = RecipesAppTests;
			productName = RecipesAppTests;
			productReference = 1DF258F3257D56B800D540B9 /* RecipesAppTests.xctest */;
			productType = "com.apple.product-type.bundle.unit-test";
		};
		1DF258FD257D56B800D540B9 /* RecipesAppUITests */ = {
			isa = PBXNativeTarget;
			buildConfigurationList = 1DF2590D257D56B800D540B9 /* Build configuration list for PBXNativeTarget "RecipesAppUITests" */;
			buildPhases = (
				3866920D8CF4FE02540A02AD /* [CP] Check Pods Manifest.lock */,
				1DF258FA257D56B800D540B9 /* Sources */,
				1DF258FB257D56B800D540B9 /* Frameworks */,
				1DF258FC257D56B800D540B9 /* Resources */,
			);
			buildRules = (
			);
			dependencies = (
				1DF25900257D56B800D540B9 /* PBXTargetDependency */,
			);
			name = RecipesAppUITests;
			productName = RecipesAppUITests;
			productReference = 1DF258FE257D56B800D540B9 /* RecipesAppUITests.xctest */;
			productType = "com.apple.product-type.bundle.ui-testing";
		};
/* End PBXNativeTarget section */

/* Begin PBXProject section */
		1DF258D5257D56B800D540B9 /* Project object */ = {
			isa = PBXProject;
			attributes = {
				LastSwiftUpdateCheck = 1220;
				LastUpgradeCheck = 1220;
				TargetAttributes = {
					1DF258DC257D56B800D540B9 = {
						CreatedOnToolsVersion = 12.2;
					};
					1DF258F2257D56B800D540B9 = {
						CreatedOnToolsVersion = 12.2;
						TestTargetID = 1DF258DC257D56B800D540B9;
					};
					1DF258FD257D56B800D540B9 = {
						CreatedOnToolsVersion = 12.2;
						TestTargetID = 1DF258DC257D56B800D540B9;
					};
				};
			};
			buildConfigurationList = 1DF258D8257D56B800D540B9 /* Build configuration list for PBXProject "RecipesApp" */;
			compatibilityVersion = "Xcode 9.3";
			developmentRegion = en;
			hasScannedForEncodings = 0;
			knownRegions = (
				en,
				Base,
			);
			mainGroup = 1DF258D4257D56B800D540B9;
			productRefGroup = 1DF258DE257D56B800D540B9 /* Products */;
			projectDirPath = "";
			projectRoot = "";
			targets = (
				1DF258DC257D56B800D540B9 /* RecipesApp */,
				1DF258F2257D56B800D540B9 /* RecipesAppTests */,
				1DF258FD257D56B800D540B9 /* RecipesAppUITests */,
			);
		};
/* End PBXProject section */

/* Begin PBXResourcesBuildPhase section */
		1DF258DB257D56B800D540B9 /* Resources */ = {
			isa = PBXResourcesBuildPhase;
			buildActionMask = 2147483647;
			files = (
				1DF258ED257D56B800D540B9 /* LaunchScreen.storyboard in Resources */,
				1DF258EA257D56B800D540B9 /* Assets.xcassets in Resources */,
			);
			runOnlyForDeploymentPostprocessing = 0;
		};
		1DF258F1257D56B800D540B9 /* Resources */ = {
			isa = PBXResourcesBuildPhase;
			buildActionMask = 2147483647;
			files = (
			);
			runOnlyForDeploymentPostprocessing = 0;
		};
		1DF258FC257D56B800D540B9 /* Resources */ = {
			isa = PBXResourcesBuildPhase;
			buildActionMask = 2147483647;
			files = (
			);
			runOnlyForDeploymentPostprocessing = 0;
		};
/* End PBXResourcesBuildPhase section */

/* Begin PBXShellScriptBuildPhase section */
		2948B90C74C1B0C878A79C45 /* [CP] Embed Pods Frameworks */ = {
			isa = PBXShellScriptBuildPhase;
			buildActionMask = 2147483647;
			files = (
			);
			inputFileListPaths = (
				"${PODS_ROOT}/Target Support Files/Pods-RecipesAppTests/Pods-RecipesAppTests-frameworks-${CONFIGURATION}-input-files.xcfilelist",
			);
			name = "[CP] Embed Pods Frameworks";
			outputFileListPaths = (
				"${PODS_ROOT}/Target Support Files/Pods-RecipesAppTests/Pods-RecipesAppTests-frameworks-${CONFIGURATION}-output-files.xcfilelist",
			);
			runOnlyForDeploymentPostprocessing = 0;
			shellPath = /bin/sh;
			shellScript = "\"${PODS_ROOT}/Target Support Files/Pods-RecipesAppTests/Pods-RecipesAppTests-frameworks.sh\"\n";
			showEnvVarsInLog = 0;
		};
		3392B9AD62873F7D20AAC345 /* [CP] Check Pods Manifest.lock */ = {
			isa = PBXShellScriptBuildPhase;
			buildActionMask = 2147483647;
			files = (
			);
			inputFileListPaths = (
			);
			inputPaths = (
				"${PODS_PODFILE_DIR_PATH}/Podfile.lock",
				"${PODS_ROOT}/Manifest.lock",
			);
			name = "[CP] Check Pods Manifest.lock";
			outputFileListPaths = (
			);
			outputPaths = (
				"$(DERIVED_FILE_DIR)/Pods-RecipesApp-checkManifestLockResult.txt",
			);
			runOnlyForDeploymentPostprocessing = 0;
			shellPath = /bin/sh;
			shellScript = "diff \"${PODS_PODFILE_DIR_PATH}/Podfile.lock\" \"${PODS_ROOT}/Manifest.lock\" > /dev/null\nif [ $? != 0 ] ; then\n    # print error to STDERR\n    echo \"error: The sandbox is not in sync with the Podfile.lock. Run 'pod install' or update your CocoaPods installation.\" >&2\n    exit 1\nfi\n# This output is used by Xcode 'outputs' to avoid re-running this script phase.\necho \"SUCCESS\" > \"${SCRIPT_OUTPUT_FILE_0}\"\n";
			showEnvVarsInLog = 0;
		};
		3866920D8CF4FE02540A02AD /* [CP] Check Pods Manifest.lock */ = {
			isa = PBXShellScriptBuildPhase;
			buildActionMask = 2147483647;
			files = (
			);
			inputFileListPaths = (
			);
			inputPaths = (
				"${PODS_PODFILE_DIR_PATH}/Podfile.lock",
				"${PODS_ROOT}/Manifest.lock",
			);
			name = "[CP] Check Pods Manifest.lock";
			outputFileListPaths = (
			);
			outputPaths = (
				"$(DERIVED_FILE_DIR)/Pods-RecipesAppUITests-checkManifestLockResult.txt",
			);
			runOnlyForDeploymentPostprocessing = 0;
			shellPath = /bin/sh;
			shellScript = "diff \"${PODS_PODFILE_DIR_PATH}/Podfile.lock\" \"${PODS_ROOT}/Manifest.lock\" > /dev/null\nif [ $? != 0 ] ; then\n    # print error to STDERR\n    echo \"error: The sandbox is not in sync with the Podfile.lock. Run 'pod install' or update your CocoaPods installation.\" >&2\n    exit 1\nfi\n# This output is used by Xcode 'outputs' to avoid re-running this script phase.\necho \"SUCCESS\" > \"${SCRIPT_OUTPUT_FILE_0}\"\n";
			showEnvVarsInLog = 0;
		};
		390D02CADDE53B03DA46D83F /* [CP] Embed Pods Frameworks */ = {
			isa = PBXShellScriptBuildPhase;
			buildActionMask = 2147483647;
			files = (
			);
			inputFileListPaths = (
				"${PODS_ROOT}/Target Support Files/Pods-RecipesApp/Pods-RecipesApp-frameworks-${CONFIGURATION}-input-files.xcfilelist",
			);
			name = "[CP] Embed Pods Frameworks";
			outputFileListPaths = (
				"${PODS_ROOT}/Target Support Files/Pods-RecipesApp/Pods-RecipesApp-frameworks-${CONFIGURATION}-output-files.xcfilelist",
			);
			runOnlyForDeploymentPostprocessing = 0;
			shellPath = /bin/sh;
			shellScript = "\"${PODS_ROOT}/Target Support Files/Pods-RecipesApp/Pods-RecipesApp-frameworks.sh\"\n";
			showEnvVarsInLog = 0;
		};
		82F9A626EC49A265FB179127 /* [CP] Check Pods Manifest.lock */ = {
			isa = PBXShellScriptBuildPhase;
			buildActionMask = 2147483647;
			files = (
			);
			inputFileListPaths = (
			);
			inputPaths = (
				"${PODS_PODFILE_DIR_PATH}/Podfile.lock",
				"${PODS_ROOT}/Manifest.lock",
			);
			name = "[CP] Check Pods Manifest.lock";
			outputFileListPaths = (
			);
			outputPaths = (
				"$(DERIVED_FILE_DIR)/Pods-RecipesAppTests-checkManifestLockResult.txt",
			);
			runOnlyForDeploymentPostprocessing = 0;
			shellPath = /bin/sh;
			shellScript = "diff \"${PODS_PODFILE_DIR_PATH}/Podfile.lock\" \"${PODS_ROOT}/Manifest.lock\" > /dev/null\nif [ $? != 0 ] ; then\n    # print error to STDERR\n    echo \"error: The sandbox is not in sync with the Podfile.lock. Run 'pod install' or update your CocoaPods installation.\" >&2\n    exit 1\nfi\n# This output is used by Xcode 'outputs' to avoid re-running this script phase.\necho \"SUCCESS\" > \"${SCRIPT_OUTPUT_FILE_0}\"\n";
			showEnvVarsInLog = 0;
		};
/* End PBXShellScriptBuildPhase section */

/* Begin PBXSourcesBuildPhase section */
		1DF258D9257D56B800D540B9 /* Sources */ = {
			isa = PBXSourcesBuildPhase;
			buildActionMask = 2147483647;
			files = (
				1DF258E1257D56B800D540B9 /* AppDelegate.swift in Sources */,
				1D3D911025C8B21E00BEC2D8 /* MainEvent.swift in Sources */,
				1D3D90E225BA356600BEC2D8 /* MainViewState.swift in Sources */,
				1D3D90EF25BA3A1D00BEC2D8 /* MainReducer.swift in Sources */,
				1DF25935257D59D200D540B9 /* MainView.swift in Sources */,
				1DF2593A257D59F800D540B9 /* RecipeCategoryCell.swift in Sources */,
				1DF258E3257D56B800D540B9 /* SceneDelegate.swift in Sources */,
				1D3D91A525E3198300BEC2D8 /* BaseViewModel.swift in Sources */,
				1DF2592A257D599C00D540B9 /* MainViewController.swift in Sources */,
				1D3D90DC25BA302900BEC2D8 /* RecipeCategory.swift in Sources */,
				1D3D90D225BA2BFC00BEC2D8 /* MainViewModel.swift in Sources */,
				1D3D90EA25BA38E900BEC2D8 /* Reducer.swift in Sources */,
				1D3D90D725BA2C6300BEC2D8 /* ViewModelType.swift in Sources */,
			);
			runOnlyForDeploymentPostprocessing = 0;
		};
		1DF258EF257D56B800D540B9 /* Sources */ = {
			isa = PBXSourcesBuildPhase;
			buildActionMask = 2147483647;
			files = (
				1DF258F8257D56B800D540B9 /* RecipesAppTests.swift in Sources */,
			);
			runOnlyForDeploymentPostprocessing = 0;
		};
		1DF258FA257D56B800D540B9 /* Sources */ = {
			isa = PBXSourcesBuildPhase;
			buildActionMask = 2147483647;
			files = (
				1DF25903257D56B800D540B9 /* RecipesAppUITests.swift in Sources */,
			);
			runOnlyForDeploymentPostprocessing = 0;
		};
/* End PBXSourcesBuildPhase section */

/* Begin PBXTargetDependency section */
		1DF258F5257D56B800D540B9 /* PBXTargetDependency */ = {
			isa = PBXTargetDependency;
			target = 1DF258DC257D56B800D540B9 /* RecipesApp */;
			targetProxy = 1DF258F4257D56B800D540B9 /* PBXContainerItemProxy */;
		};
		1DF25900257D56B800D540B9 /* PBXTargetDependency */ = {
			isa = PBXTargetDependency;
			target = 1DF258DC257D56B800D540B9 /* RecipesApp */;
			targetProxy = 1DF258FF257D56B800D540B9 /* PBXContainerItemProxy */;
		};
/* End PBXTargetDependency section */

/* Begin PBXVariantGroup section */
		1DF258EB257D56B800D540B9 /* LaunchScreen.storyboard */ = {
			isa = PBXVariantGroup;
			children = (
				1DF258EC257D56B800D540B9 /* Base */,
			);
			name = LaunchScreen.storyboard;
			sourceTree = "<group>";
		};
/* End PBXVariantGroup section */

/* Begin XCBuildConfiguration section */
		1DF25905257D56B800D540B9 /* Debug */ = {
			isa = XCBuildConfiguration;
			buildSettings = {
				ALWAYS_SEARCH_USER_PATHS = NO;
				CLANG_ANALYZER_NONNULL = YES;
				CLANG_ANALYZER_NUMBER_OBJECT_CONVERSION = YES_AGGRESSIVE;
				CLANG_CXX_LANGUAGE_STANDARD = "gnu++14";
				CLANG_CXX_LIBRARY = "libc++";
				CLANG_ENABLE_MODULES = YES;
				CLANG_ENABLE_OBJC_ARC = YES;
				CLANG_ENABLE_OBJC_WEAK = YES;
				CLANG_WARN_BLOCK_CAPTURE_AUTORELEASING = YES;
				CLANG_WARN_BOOL_CONVERSION = YES;
				CLANG_WARN_COMMA = YES;
				CLANG_WARN_CONSTANT_CONVERSION = YES;
				CLANG_WARN_DEPRECATED_OBJC_IMPLEMENTATIONS = YES;
				CLANG_WARN_DIRECT_OBJC_ISA_USAGE = YES_ERROR;
				CLANG_WARN_DOCUMENTATION_COMMENTS = YES;
				CLANG_WARN_EMPTY_BODY = YES;
				CLANG_WARN_ENUM_CONVERSION = YES;
				CLANG_WARN_INFINITE_RECURSION = YES;
				CLANG_WARN_INT_CONVERSION = YES;
				CLANG_WARN_NON_LITERAL_NULL_CONVERSION = YES;
				CLANG_WARN_OBJC_IMPLICIT_RETAIN_SELF = YES;
				CLANG_WARN_OBJC_LITERAL_CONVERSION = YES;
				CLANG_WARN_OBJC_ROOT_CLASS = YES_ERROR;
				CLANG_WARN_QUOTED_INCLUDE_IN_FRAMEWORK_HEADER = YES;
				CLANG_WARN_RANGE_LOOP_ANALYSIS = YES;
				CLANG_WARN_STRICT_PROTOTYPES = YES;
				CLANG_WARN_SUSPICIOUS_MOVE = YES;
				CLANG_WARN_UNGUARDED_AVAILABILITY = YES_AGGRESSIVE;
				CLANG_WARN_UNREACHABLE_CODE = YES;
				CLANG_WARN__DUPLICATE_METHOD_MATCH = YES;
				COPY_PHASE_STRIP = NO;
				DEBUG_INFORMATION_FORMAT = dwarf;
				ENABLE_STRICT_OBJC_MSGSEND = YES;
				ENABLE_TESTABILITY = YES;
				GCC_C_LANGUAGE_STANDARD = gnu11;
				GCC_DYNAMIC_NO_PIC = NO;
				GCC_NO_COMMON_BLOCKS = YES;
				GCC_OPTIMIZATION_LEVEL = 0;
				GCC_PREPROCESSOR_DEFINITIONS = (
					"DEBUG=1",
					"$(inherited)",
				);
				GCC_WARN_64_TO_32_BIT_CONVERSION = YES;
				GCC_WARN_ABOUT_RETURN_TYPE = YES_ERROR;
				GCC_WARN_UNDECLARED_SELECTOR = YES;
				GCC_WARN_UNINITIALIZED_AUTOS = YES_AGGRESSIVE;
				GCC_WARN_UNUSED_FUNCTION = YES;
				GCC_WARN_UNUSED_VARIABLE = YES;
				IPHONEOS_DEPLOYMENT_TARGET = 14.2;
				MTL_ENABLE_DEBUG_INFO = INCLUDE_SOURCE;
				MTL_FAST_MATH = YES;
				ONLY_ACTIVE_ARCH = YES;
				SDKROOT = iphoneos;
				SWIFT_ACTIVE_COMPILATION_CONDITIONS = DEBUG;
				SWIFT_OPTIMIZATION_LEVEL = "-Onone";
			};
			name = Debug;
		};
		1DF25906257D56B800D540B9 /* Release */ = {
			isa = XCBuildConfiguration;
			buildSettings = {
				ALWAYS_SEARCH_USER_PATHS = NO;
				CLANG_ANALYZER_NONNULL = YES;
				CLANG_ANALYZER_NUMBER_OBJECT_CONVERSION = YES_AGGRESSIVE;
				CLANG_CXX_LANGUAGE_STANDARD = "gnu++14";
				CLANG_CXX_LIBRARY = "libc++";
				CLANG_ENABLE_MODULES = YES;
				CLANG_ENABLE_OBJC_ARC = YES;
				CLANG_ENABLE_OBJC_WEAK = YES;
				CLANG_WARN_BLOCK_CAPTURE_AUTORELEASING = YES;
				CLANG_WARN_BOOL_CONVERSION = YES;
				CLANG_WARN_COMMA = YES;
				CLANG_WARN_CONSTANT_CONVERSION = YES;
				CLANG_WARN_DEPRECATED_OBJC_IMPLEMENTATIONS = YES;
				CLANG_WARN_DIRECT_OBJC_ISA_USAGE = YES_ERROR;
				CLANG_WARN_DOCUMENTATION_COMMENTS = YES;
				CLANG_WARN_EMPTY_BODY = YES;
				CLANG_WARN_ENUM_CONVERSION = YES;
				CLANG_WARN_INFINITE_RECURSION = YES;
				CLANG_WARN_INT_CONVERSION = YES;
				CLANG_WARN_NON_LITERAL_NULL_CONVERSION = YES;
				CLANG_WARN_OBJC_IMPLICIT_RETAIN_SELF = YES;
				CLANG_WARN_OBJC_LITERAL_CONVERSION = YES;
				CLANG_WARN_OBJC_ROOT_CLASS = YES_ERROR;
				CLANG_WARN_QUOTED_INCLUDE_IN_FRAMEWORK_HEADER = YES;
				CLANG_WARN_RANGE_LOOP_ANALYSIS = YES;
				CLANG_WARN_STRICT_PROTOTYPES = YES;
				CLANG_WARN_SUSPICIOUS_MOVE = YES;
				CLANG_WARN_UNGUARDED_AVAILABILITY = YES_AGGRESSIVE;
				CLANG_WARN_UNREACHABLE_CODE = YES;
				CLANG_WARN__DUPLICATE_METHOD_MATCH = YES;
				COPY_PHASE_STRIP = NO;
				DEBUG_INFORMATION_FORMAT = "dwarf-with-dsym";
				ENABLE_NS_ASSERTIONS = NO;
				ENABLE_STRICT_OBJC_MSGSEND = YES;
				GCC_C_LANGUAGE_STANDARD = gnu11;
				GCC_NO_COMMON_BLOCKS = YES;
				GCC_WARN_64_TO_32_BIT_CONVERSION = YES;
				GCC_WARN_ABOUT_RETURN_TYPE = YES_ERROR;
				GCC_WARN_UNDECLARED_SELECTOR = YES;
				GCC_WARN_UNINITIALIZED_AUTOS = YES_AGGRESSIVE;
				GCC_WARN_UNUSED_FUNCTION = YES;
				GCC_WARN_UNUSED_VARIABLE = YES;
				IPHONEOS_DEPLOYMENT_TARGET = 14.2;
				MTL_ENABLE_DEBUG_INFO = NO;
				MTL_FAST_MATH = YES;
				SDKROOT = iphoneos;
				SWIFT_COMPILATION_MODE = wholemodule;
				SWIFT_OPTIMIZATION_LEVEL = "-O";
				VALIDATE_PRODUCT = YES;
			};
			name = Release;
		};
		1DF25908257D56B800D540B9 /* Debug */ = {
			isa = XCBuildConfiguration;
			baseConfigurationReference = F92F004C9DE8F25FE34ED60C /* Pods-RecipesApp.debug.xcconfig */;
			buildSettings = {
				ALWAYS_EMBED_SWIFT_STANDARD_LIBRARIES = YES;
				ASSETCATALOG_COMPILER_APPICON_NAME = AppIcon;
				ASSETCATALOG_COMPILER_GLOBAL_ACCENT_COLOR_NAME = AccentColor;
				CODE_SIGN_STYLE = Automatic;
				DEVELOPMENT_TEAM = DC4488GJZP;
				INFOPLIST_FILE = RecipesApp/Info.plist;
				LD_RUNPATH_SEARCH_PATHS = (
					"$(inherited)",
					"@executable_path/Frameworks",
				);
				PRODUCT_BUNDLE_IDENTIFIER = app.maslanka.RecipesApp;
				PRODUCT_NAME = "$(TARGET_NAME)";
				SWIFT_VERSION = 5.0;
				TARGETED_DEVICE_FAMILY = "1,2";
			};
			name = Debug;
		};
		1DF25909257D56B800D540B9 /* Release */ = {
			isa = XCBuildConfiguration;
			baseConfigurationReference = FA7429D2FD4529A1D4BCBA9E /* Pods-RecipesApp.release.xcconfig */;
			buildSettings = {
				ALWAYS_EMBED_SWIFT_STANDARD_LIBRARIES = YES;
				ASSETCATALOG_COMPILER_APPICON_NAME = AppIcon;
				ASSETCATALOG_COMPILER_GLOBAL_ACCENT_COLOR_NAME = AccentColor;
				CODE_SIGN_STYLE = Automatic;
				DEVELOPMENT_TEAM = DC4488GJZP;
				INFOPLIST_FILE = RecipesApp/Info.plist;
				LD_RUNPATH_SEARCH_PATHS = (
					"$(inherited)",
					"@executable_path/Frameworks",
				);
				PRODUCT_BUNDLE_IDENTIFIER = app.maslanka.RecipesApp;
				PRODUCT_NAME = "$(TARGET_NAME)";
				SWIFT_VERSION = 5.0;
				TARGETED_DEVICE_FAMILY = "1,2";
			};
			name = Release;
		};
		1DF2590B257D56B800D540B9 /* Debug */ = {
			isa = XCBuildConfiguration;
			baseConfigurationReference = B0E673E8915C72B460E59DF0 /* Pods-RecipesAppTests.debug.xcconfig */;
			buildSettings = {
				ALWAYS_EMBED_SWIFT_STANDARD_LIBRARIES = YES;
				BUNDLE_LOADER = "$(TEST_HOST)";
				CODE_SIGN_STYLE = Automatic;
				DEVELOPMENT_TEAM = DC4488GJZP;
				INFOPLIST_FILE = RecipesAppTests/Info.plist;
				IPHONEOS_DEPLOYMENT_TARGET = 14.2;
				LD_RUNPATH_SEARCH_PATHS = (
					"$(inherited)",
					"@executable_path/Frameworks",
					"@loader_path/Frameworks",
				);
				PRODUCT_BUNDLE_IDENTIFIER = app.maslanka.RecipesAppTests;
				PRODUCT_NAME = "$(TARGET_NAME)";
				SWIFT_VERSION = 5.0;
				TARGETED_DEVICE_FAMILY = "1,2";
				TEST_HOST = "$(BUILT_PRODUCTS_DIR)/RecipesApp.app/RecipesApp";
			};
			name = Debug;
		};
		1DF2590C257D56B800D540B9 /* Release */ = {
			isa = XCBuildConfiguration;
			baseConfigurationReference = 79C69D281114883F4BB82DFC /* Pods-RecipesAppTests.release.xcconfig */;
			buildSettings = {
				ALWAYS_EMBED_SWIFT_STANDARD_LIBRARIES = YES;
				BUNDLE_LOADER = "$(TEST_HOST)";
				CODE_SIGN_STYLE = Automatic;
				DEVELOPMENT_TEAM = DC4488GJZP;
				INFOPLIST_FILE = RecipesAppTests/Info.plist;
				IPHONEOS_DEPLOYMENT_TARGET = 14.2;
				LD_RUNPATH_SEARCH_PATHS = (
					"$(inherited)",
					"@executable_path/Frameworks",
					"@loader_path/Frameworks",
				);
				PRODUCT_BUNDLE_IDENTIFIER = app.maslanka.RecipesAppTests;
				PRODUCT_NAME = "$(TARGET_NAME)";
				SWIFT_VERSION = 5.0;
				TARGETED_DEVICE_FAMILY = "1,2";
				TEST_HOST = "$(BUILT_PRODUCTS_DIR)/RecipesApp.app/RecipesApp";
			};
			name = Release;
		};
		1DF2590E257D56B800D540B9 /* Debug */ = {
			isa = XCBuildConfiguration;
			baseConfigurationReference = 56D0117503B04A3180B4E0EC /* Pods-RecipesAppUITests.debug.xcconfig */;
			buildSettings = {
				ALWAYS_EMBED_SWIFT_STANDARD_LIBRARIES = YES;
				CODE_SIGN_STYLE = Automatic;
				DEVELOPMENT_TEAM = DC4488GJZP;
				INFOPLIST_FILE = RecipesAppUITests/Info.plist;
				LD_RUNPATH_SEARCH_PATHS = (
					"$(inherited)",
					"@executable_path/Frameworks",
					"@loader_path/Frameworks",
				);
				PRODUCT_BUNDLE_IDENTIFIER = app.maslanka.RecipesAppUITests;
				PRODUCT_NAME = "$(TARGET_NAME)";
				SWIFT_VERSION = 5.0;
				TARGETED_DEVICE_FAMILY = "1,2";
				TEST_TARGET_NAME = RecipesApp;
			};
			name = Debug;
		};
		1DF2590F257D56B800D540B9 /* Release */ = {
			isa = XCBuildConfiguration;
			baseConfigurationReference = 9E8389D1D274A97D18AB45E4 /* Pods-RecipesAppUITests.release.xcconfig */;
			buildSettings = {
				ALWAYS_EMBED_SWIFT_STANDARD_LIBRARIES = YES;
				CODE_SIGN_STYLE = Automatic;
				DEVELOPMENT_TEAM = DC4488GJZP;
				INFOPLIST_FILE = RecipesAppUITests/Info.plist;
				LD_RUNPATH_SEARCH_PATHS = (
					"$(inherited)",
					"@executable_path/Frameworks",
					"@loader_path/Frameworks",
				);
				PRODUCT_BUNDLE_IDENTIFIER = app.maslanka.RecipesAppUITests;
				PRODUCT_NAME = "$(TARGET_NAME)";
				SWIFT_VERSION = 5.0;
				TARGETED_DEVICE_FAMILY = "1,2";
				TEST_TARGET_NAME = RecipesApp;
			};
			name = Release;
		};
/* End XCBuildConfiguration section */

/* Begin XCConfigurationList section */
		1DF258D8257D56B800D540B9 /* Build configuration list for PBXProject "RecipesApp" */ = {
			isa = XCConfigurationList;
			buildConfigurations = (
				1DF25905257D56B800D540B9 /* Debug */,
				1DF25906257D56B800D540B9 /* Release */,
			);
			defaultConfigurationIsVisible = 0;
			defaultConfigurationName = Release;
		};
		1DF25907257D56B800D540B9 /* Build configuration list for PBXNativeTarget "RecipesApp" */ = {
			isa = XCConfigurationList;
			buildConfigurations = (
				1DF25908257D56B800D540B9 /* Debug */,
				1DF25909257D56B800D540B9 /* Release */,
			);
			defaultConfigurationIsVisible = 0;
			defaultConfigurationName = Release;
		};
		1DF2590A257D56B800D540B9 /* Build configuration list for PBXNativeTarget "RecipesAppTests" */ = {
			isa = XCConfigurationList;
			buildConfigurations = (
				1DF2590B257D56B800D540B9 /* Debug */,
				1DF2590C257D56B800D540B9 /* Release */,
			);
			defaultConfigurationIsVisible = 0;
			defaultConfigurationName = Release;
		};
		1DF2590D257D56B800D540B9 /* Build configuration list for PBXNativeTarget "RecipesAppUITests" */ = {
			isa = XCConfigurationList;
			buildConfigurations = (
				1DF2590E257D56B800D540B9 /* Debug */,
				1DF2590F257D56B800D540B9 /* Release */,
			);
			defaultConfigurationIsVisible = 0;
			defaultConfigurationName = Release;
		};
/* End XCConfigurationList section */
	};
	rootObject = 1DF258D5257D56B800D540B9 /* Project object */;
}
