// !$*UTF8*$!
{
	archiveVersion = 1;
	classes = {
	};
	objectVersion = 50;
	objects = {

/* Begin PBXBuildFile section */
		1DF258E1257D56B800D540B9 /* AppDelegate.swift in Sources */ = {isa = PBXBuildFile; fileRef = 1DF258E0257D56B800D540B9 /* AppDelegate.swift */; };
		1DF258E3257D56B800D540B9 /* SceneDelegate.swift in Sources */ = {isa = PBXBuildFile; fileRef = 1DF258E2257D56B800D540B9 /* SceneDelegate.swift */; };
		1DF258E5257D56B800D540B9 /* ViewController.swift in Sources */ = {isa = PBXBuildFile; fileRef = 1DF258E4257D56B800D540B9 /* ViewController.swift */; };
		1DF258E8257D56B800D540B9 /* Main.storyboard in Resources */ = {isa = PBXBuildFile; fileRef = 1DF258E6257D56B800D540B9 /* Main.storyboard */; };
		1DF258EA257D56B800D540B9 /* Assets.xcassets in Resources */ = {isa = PBXBuildFile; fileRef = 1DF258E9257D56B800D540B9 /* Assets.xcassets */; };
		1DF258ED257D56B800D540B9 /* LaunchScreen.storyboard in Resources */ = {isa = PBXBuildFile; fileRef = 1DF258EB257D56B800D540B9 /* LaunchScreen.storyboard */; };
		1DF258F8257D56B800D540B9 /* RecipesAppTests.swift in Sources */ = {isa = PBXBuildFile; fileRef = 1DF258F7257D56B800D540B9 /* RecipesAppTests.swift */; };
		1DF25903257D56B800D540B9 /* RecipesAppUITests.swift in Sources */ = {isa = PBXBuildFile; fileRef = 1DF25902257D56B800D540B9 /* RecipesAppUITests.swift */; };
/* End PBXBuildFile section */

/* Begin PBXContainerItemProxy section */
		1DF258F4257D56B800D540B9 /* PBXContainerItemProxy */ = {
			isa = PBXContainerItemProxy;
			containerPortal = 1DF258D5257D56B800D540B9 /* Project object */;
			proxyType = 1;
			remoteGlobalIDString = 1DF258DC257D56B800D540B9;
			remoteInfo = RecipesApp;
		};
		1DF258FF257D56B800D540B9 /* PBXContainerItemProxy */ = {
			isa = PBXContainerItemProxy;
			containerPortal = 1DF258D5257D56B800D540B9 /* Project object */;
			proxyType = 1;
			remoteGlobalIDString = 1DF258DC257D56B800D540B9;
			remoteInfo = RecipesApp;
		};
/* End PBXContainerItemProxy section */

/* Begin PBXFileReference section */
		1DF258DD257D56B800D540B9 /* RecipesApp.app */ = {isa = PBXFileReference; explicitFileType = wrapper.application; includeInIndex = 0; path = RecipesApp.app; sourceTree = BUILT_PRODUCTS_DIR; };
		1DF258E0257D56B800D540B9 /* AppDelegate.swift */ = {isa = PBXFileReference; lastKnownFileType = sourcecode.swift; path = AppDelegate.swift; sourceTree = "<group>"; };
		1DF258E2257D56B800D540B9 /* SceneDelegate.swift */ = {isa = PBXFileReference; lastKnownFileType = sourcecode.swift; path = SceneDelegate.swift; sourceTree = "<group>"; };
		1DF258E4257D56B800D540B9 /* ViewController.swift */ = {isa = PBXFileReference; lastKnownFileType = sourcecode.swift; path = ViewController.swift; sourceTree = "<group>"; };
		1DF258E7257D56B800D540B9 /* Base */ = {isa = PBXFileReference; lastKnownFileType = file.storyboard; name = Base; path = Base.lproj/Main.storyboard; sourceTree = "<group>"; };
		1DF258E9257D56B800D540B9 /* Assets.xcassets */ = {isa = PBXFileReference; lastKnownFileType = folder.assetcatalog; path = Assets.xcassets; sourceTree = "<group>"; };
		1DF258EC257D56B800D540B9 /* Base */ = {isa = PBXFileReference; lastKnownFileType = file.storyboard; name = Base; path = Base.lproj/LaunchScreen.storyboard; sourceTree = "<group>"; };
		1DF258EE257D56B800D540B9 /* Info.plist */ = {isa = PBXFileReference; lastKnownFileType = text.plist.xml; path = Info.plist; sourceTree = "<group>"; };
		1DF258F3257D56B800D540B9 /* RecipesAppTests.xctest */ = {isa = PBXFileReference; explicitFileType = wrapper.cfbundle; includeInIndex = 0; path = RecipesAppTests.xctest; sourceTree = BUILT_PRODUCTS_DIR; };
		1DF258F7257D56B800D540B9 /* RecipesAppTests.swift */ = {isa = PBXFileReference; lastKnownFileType = sourcecode.swift; path = RecipesAppTests.swift; sourceTree = "<group>"; };
		1DF258F9257D56B800D540B9 /* Info.plist */ = {isa = PBXFileReference; lastKnownFileType = text.plist.xml; path = Info.plist; sourceTree = "<group>"; };
		1DF258FE257D56B800D540B9 /* RecipesAppUITests.xctest */ = {isa = PBXFileReference; explicitFileType = wrapper.cfbundle; includeInIndex = 0; path = RecipesAppUITests.xctest; sourceTree = BUILT_PRODUCTS_DIR; };
		1DF25902257D56B800D540B9 /* RecipesAppUITests.swift */ = {isa = PBXFileReference; lastKnownFileType = sourcecode.swift; path = RecipesAppUITests.swift; sourceTree = "<group>"; };
		1DF25904257D56B800D540B9 /* Info.plist */ = {isa = PBXFileReference; lastKnownFileType = text.plist.xml; path = Info.plist; sourceTree = "<group>"; };
/* End PBXFileReference section */

/* Begin PBXFrameworksBuildPhase section */
		1DF258DA257D56B800D540B9 /* Frameworks */ = {
			isa = PBXFrameworksBuildPhase;
			buildActionMask = 2147483647;
			files = (
			);
			runOnlyForDeploymentPostprocessing = 0;
		};
		1DF258F0257D56B800D540B9 /* Frameworks */ = {
			isa = PBXFrameworksBuildPhase;
			buildActionMask = 2147483647;
			files = (
			);
			runOnlyForDeploymentPostprocessing = 0;
		};
		1DF258FB257D56B800D540B9 /* Frameworks */ = {
			isa = PBXFrameworksBuildPhase;
			buildActionMask = 2147483647;
			files = (
			);
			runOnlyForDeploymentPostprocessing = 0;
		};
/* End PBXFrameworksBuildPhase section */

/* Begin PBXGroup section */
		1DF258D4257D56B800D540B9 = {
			isa = PBXGroup;
			children = (
				1DF258DF257D56B800D540B9 /* RecipesApp */,
				1DF258F6257D56B800D540B9 /* RecipesAppTests */,
				1DF25901257D56B800D540B9 /* RecipesAppUITests */,
				1DF258DE257D56B800D540B9 /* Products */,
			);
			sourceTree = "<group>";
		};
		1DF258DE257D56B800D540B9 /* Products */ = {
			isa = PBXGroup;
			children = (
				1DF258DD257D56B800D540B9 /* RecipesApp.app */,
				1DF258F3257D56B800D540B9 /* RecipesAppTests.xctest */,
				1DF258FE257D56B800D540B9 /* RecipesAppUITests.xctest */,
			);
			name = Products;
			sourceTree = "<group>";
		};
		1DF258DF257D56B800D540B9 /* RecipesApp */ = {
			isa = PBXGroup;
			children = (
				1DF258E0257D56B800D540B9 /* AppDelegate.swift */,
				1DF258E2257D56B800D540B9 /* SceneDelegate.swift */,
				1DF258E4257D56B800D540B9 /* ViewController.swift */,
				1DF258E6257D56B800D540B9 /* Main.storyboard */,
				1DF258E9257D56B800D540B9 /* Assets.xcassets */,
				1DF258EB257D56B800D540B9 /* LaunchScreen.storyboard */,
				1DF258EE257D56B800D540B9 /* Info.plist */,
			);
			path = RecipesApp;
			sourceTree = "<group>";
		};
		1DF258F6257D56B800D540B9 /* RecipesAppTests */ = {
			isa = PBXGroup;
			children = (
				1DF258F7257D56B800D540B9 /* RecipesAppTests.swift */,
				1DF258F9257D56B800D540B9 /* Info.plist */,
			);
			path = RecipesAppTests;
			sourceTree = "<group>";
		};
		1DF25901257D56B800D540B9 /* RecipesAppUITests */ = {
			isa = PBXGroup;
			children = (
				1DF25902257D56B800D540B9 /* RecipesAppUITests.swift */,
				1DF25904257D56B800D540B9 /* Info.plist */,
			);
			path = RecipesAppUITests;
			sourceTree = "<group>";
		};
/* End PBXGroup section */

/* Begin PBXNativeTarget section */
		1DF258DC257D56B800D540B9 /* RecipesApp */ = {
			isa = PBXNativeTarget;
			buildConfigurationList = 1DF25907257D56B800D540B9 /* Build configuration list for PBXNativeTarget "RecipesApp" */;
			buildPhases = (
				1DF258D9257D56B800D540B9 /* Sources */,
				1DF258DA257D56B800D540B9 /* Frameworks */,
				1DF258DB257D56B800D540B9 /* Resources */,
			);
			buildRules = (
			);
			dependencies = (
			);
			name = RecipesApp;
			productName = RecipesApp;
			productReference = 1DF258DD257D56B800D540B9 /* RecipesApp.app */;
			productType = "com.apple.product-type.application";
		};
		1DF258F2257D56B800D540B9 /* RecipesAppTests */ = {
			isa = PBXNativeTarget;
			buildConfigurationList = 1DF2590A257D56B800D540B9 /* Build configuration list for PBXNativeTarget "RecipesAppTests" */;
			buildPhases = (
				1DF258EF257D56B800D540B9 /* Sources */,
				1DF258F0257D56B800D540B9 /* Frameworks */,
				1DF258F1257D56B800D540B9 /* Resources */,
			);
			buildRules = (
			);
			dependencies = (
				1DF258F5257D56B800D540B9 /* PBXTargetDependency */,
			);
			name = RecipesAppTests;
			productName = RecipesAppTests;
			productReference = 1DF258F3257D56B800D540B9 /* RecipesAppTests.xctest */;
			productType = "com.apple.product-type.bundle.unit-test";
		};
		1DF258FD257D56B800D540B9 /* RecipesAppUITests */ = {
			isa = PBXNativeTarget;
			buildConfigurationList = 1DF2590D257D56B800D540B9 /* Build configuration list for PBXNativeTarget "RecipesAppUITests" */;
			buildPhases = (
				1DF258FA257D56B800D540B9 /* Sources */,
				1DF258FB257D56B800D540B9 /* Frameworks */,
				1DF258FC257D56B800D540B9 /* Resources */,
			);
			buildRules = (
			);
			dependencies = (
				1DF25900257D56B800D540B9 /* PBXTargetDependency */,
			);
			name = RecipesAppUITests;
			productName = RecipesAppUITests;
			productReference = 1DF258FE257D56B800D540B9 /* RecipesAppUITests.xctest */;
			productType = "com.apple.product-type.bundle.ui-testing";
		};
/* End PBXNativeTarget section */

/* Begin PBXProject section */
		1DF258D5257D56B800D540B9 /* Project object */ = {
			isa = PBXProject;
			attributes = {
				LastSwiftUpdateCheck = 1220;
				LastUpgradeCheck = 1220;
				TargetAttributes = {
					1DF258DC257D56B800D540B9 = {
						CreatedOnToolsVersion = 12.2;
					};
					1DF258F2257D56B800D540B9 = {
						CreatedOnToolsVersion = 12.2;
						TestTargetID = 1DF258DC257D56B800D540B9;
					};
					1DF258FD257D56B800D540B9 = {
						CreatedOnToolsVersion = 12.2;
						TestTargetID = 1DF258DC257D56B800D540B9;
					};
				};
			};
			buildConfigurationList = 1DF258D8257D56B800D540B9 /* Build configuration list for PBXProject "RecipesApp" */;
			compatibilityVersion = "Xcode 9.3";
			developmentRegion = en;
			hasScannedForEncodings = 0;
			knownRegions = (
				en,
				Base,
			);
			mainGroup = 1DF258D4257D56B800D540B9;
			productRefGroup = 1DF258DE257D56B800D540B9 /* Products */;
			projectDirPath = "";
			projectRoot = "";
			targets = (
				1DF258DC257D56B800D540B9 /* RecipesApp */,
				1DF258F2257D56B800D540B9 /* RecipesAppTests */,
				1DF258FD257D56B800D540B9 /* RecipesAppUITests */,
			);
		};
/* End PBXProject section */

/* Begin PBXResourcesBuildPhase section */
		1DF258DB257D56B800D540B9 /* Resources */ = {
			isa = PBXResourcesBuildPhase;
			buildActionMask = 2147483647;
			files = (
				1DF258ED257D56B800D540B9 /* LaunchScreen.storyboard in Resources */,
				1DF258EA257D56B800D540B9 /* Assets.xcassets in Resources */,
				1DF258E8257D56B800D540B9 /* Main.storyboard in Resources */,
			);
			runOnlyForDeploymentPostprocessing = 0;
		};
		1DF258F1257D56B800D540B9 /* Resources */ = {
			isa = PBXResourcesBuildPhase;
			buildActionMask = 2147483647;
			files = (
			);
			runOnlyForDeploymentPostprocessing = 0;
		};
		1DF258FC257D56B800D540B9 /* Resources */ = {
			isa = PBXResourcesBuildPhase;
			buildActionMask = 2147483647;
			files = (
			);
			runOnlyForDeploymentPostprocessing = 0;
		};
/* End PBXResourcesBuildPhase section */

/* Begin PBXSourcesBuildPhase section */
		1DF258D9257D56B800D540B9 /* Sources */ = {
			isa = PBXSourcesBuildPhase;
			buildActionMask = 2147483647;
			files = (
				1DF258E5257D56B800D540B9 /* ViewController.swift in Sources */,
				1DF258E1257D56B800D540B9 /* AppDelegate.swift in Sources */,
				1DF258E3257D56B800D540B9 /* SceneDelegate.swift in Sources */,
			);
			runOnlyForDeploymentPostprocessing = 0;
		};
		1DF258EF257D56B800D540B9 /* Sources */ = {
			isa = PBXSourcesBuildPhase;
			buildActionMask = 2147483647;
			files = (
				1DF258F8257D56B800D540B9 /* RecipesAppTests.swift in Sources */,
			);
			runOnlyForDeploymentPostprocessing = 0;
		};
		1DF258FA257D56B800D540B9 /* Sources */ = {
			isa = PBXSourcesBuildPhase;
			buildActionMask = 2147483647;
			files = (
				1DF25903257D56B800D540B9 /* RecipesAppUITests.swift in Sources */,
			);
			runOnlyForDeploymentPostprocessing = 0;
		};
/* End PBXSourcesBuildPhase section */

/* Begin PBXTargetDependency section */
		1DF258F5257D56B800D540B9 /* PBXTargetDependency */ = {
			isa = PBXTargetDependency;
			target = 1DF258DC257D56B800D540B9 /* RecipesApp */;
			targetProxy = 1DF258F4257D56B800D540B9 /* PBXContainerItemProxy */;
		};
		1DF25900257D56B800D540B9 /* PBXTargetDependency */ = {
			isa = PBXTargetDependency;
			target = 1DF258DC257D56B800D540B9 /* RecipesApp */;
			targetProxy = 1DF258FF257D56B800D540B9 /* PBXContainerItemProxy */;
		};
/* End PBXTargetDependency section */

/* Begin PBXVariantGroup section */
		1DF258E6257D56B800D540B9 /* Main.storyboard */ = {
			isa = PBXVariantGroup;
			children = (
				1DF258E7257D56B800D540B9 /* Base */,
			);
			name = Main.storyboard;
			sourceTree = "<group>";
		};
		1DF258EB257D56B800D540B9 /* LaunchScreen.storyboard */ = {
			isa = PBXVariantGroup;
			children = (
				1DF258EC257D56B800D540B9 /* Base */,
			);
			name = LaunchScreen.storyboard;
			sourceTree = "<group>";
		};
/* End PBXVariantGroup section */

/* Begin XCBuildConfiguration section */
		1DF25905257D56B800D540B9 /* Debug */ = {
			isa = XCBuildConfiguration;
			buildSettings = {
				ALWAYS_SEARCH_USER_PATHS = NO;
				CLANG_ANALYZER_NONNULL = YES;
				CLANG_ANALYZER_NUMBER_OBJECT_CONVERSION = YES_AGGRESSIVE;
				CLANG_CXX_LANGUAGE_STANDARD = "gnu++14";
				CLANG_CXX_LIBRARY = "libc++";
				CLANG_ENABLE_MODULES = YES;
				CLANG_ENABLE_OBJC_ARC = YES;
				CLANG_ENABLE_OBJC_WEAK = YES;
				CLANG_WARN_BLOCK_CAPTURE_AUTORELEASING = YES;
				CLANG_WARN_BOOL_CONVERSION = YES;
				CLANG_WARN_COMMA = YES;
				CLANG_WARN_CONSTANT_CONVERSION = YES;
				CLANG_WARN_DEPRECATED_OBJC_IMPLEMENTATIONS = YES;
				CLANG_WARN_DIRECT_OBJC_ISA_USAGE = YES_ERROR;
				CLANG_WARN_DOCUMENTATION_COMMENTS = YES;
				CLANG_WARN_EMPTY_BODY = YES;
				CLANG_WARN_ENUM_CONVERSION = YES;
				CLANG_WARN_INFINITE_RECURSION = YES;
				CLANG_WARN_INT_CONVERSION = YES;
				CLANG_WARN_NON_LITERAL_NULL_CONVERSION = YES;
				CLANG_WARN_OBJC_IMPLICIT_RETAIN_SELF = YES;
				CLANG_WARN_OBJC_LITERAL_CONVERSION = YES;
				CLANG_WARN_OBJC_ROOT_CLASS = YES_ERROR;
				CLANG_WARN_QUOTED_INCLUDE_IN_FRAMEWORK_HEADER = YES;
				CLANG_WARN_RANGE_LOOP_ANALYSIS = YES;
				CLANG_WARN_STRICT_PROTOTYPES = YES;
				CLANG_WARN_SUSPICIOUS_MOVE = YES;
				CLANG_WARN_UNGUARDED_AVAILABILITY = YES_AGGRESSIVE;
				CLANG_WARN_UNREACHABLE_CODE = YES;
				CLANG_WARN__DUPLICATE_METHOD_MATCH = YES;
				COPY_PHASE_STRIP = NO;
				DEBUG_INFORMATION_FORMAT = dwarf;
				ENABLE_STRICT_OBJC_MSGSEND = YES;
				ENABLE_TESTABILITY = YES;
				GCC_C_LANGUAGE_STANDARD = gnu11;
				GCC_DYNAMIC_NO_PIC = NO;
				GCC_NO_COMMON_BLOCKS = YES;
				GCC_OPTIMIZATION_LEVEL = 0;
				GCC_PREPROCESSOR_DEFINITIONS = (
					"DEBUG=1",
					"$(inherited)",
				);
				GCC_WARN_64_TO_32_BIT_CONVERSION = YES;
				GCC_WARN_ABOUT_RETURN_TYPE = YES_ERROR;
				GCC_WARN_UNDECLARED_SELECTOR = YES;
				GCC_WARN_UNINITIALIZED_AUTOS = YES_AGGRESSIVE;
				GCC_WARN_UNUSED_FUNCTION = YES;
				GCC_WARN_UNUSED_VARIABLE = YES;
				IPHONEOS_DEPLOYMENT_TARGET = 14.2;
				MTL_ENABLE_DEBUG_INFO = INCLUDE_SOURCE;
				MTL_FAST_MATH = YES;
				ONLY_ACTIVE_ARCH = YES;
				SDKROOT = iphoneos;
				SWIFT_ACTIVE_COMPILATION_CONDITIONS = DEBUG;
				SWIFT_OPTIMIZATION_LEVEL = "-Onone";
			};
			name = Debug;
		};
		1DF25906257D56B800D540B9 /* Release */ = {
			isa = XCBuildConfiguration;
			buildSettings = {
				ALWAYS_SEARCH_USER_PATHS = NO;
				CLANG_ANALYZER_NONNULL = YES;
				CLANG_ANALYZER_NUMBER_OBJECT_CONVERSION = YES_AGGRESSIVE;
				CLANG_CXX_LANGUAGE_STANDARD = "gnu++14";
				CLANG_CXX_LIBRARY = "libc++";
				CLANG_ENABLE_MODULES = YES;
				CLANG_ENABLE_OBJC_ARC = YES;
				CLANG_ENABLE_OBJC_WEAK = YES;
				CLANG_WARN_BLOCK_CAPTURE_AUTORELEASING = YES;
				CLANG_WARN_BOOL_CONVERSION = YES;
				CLANG_WARN_COMMA = YES;
				CLANG_WARN_CONSTANT_CONVERSION = YES;
				CLANG_WARN_DEPRECATED_OBJC_IMPLEMENTATIONS = YES;
				CLANG_WARN_DIRECT_OBJC_ISA_USAGE = YES_ERROR;
				CLANG_WARN_DOCUMENTATION_COMMENTS = YES;
				CLANG_WARN_EMPTY_BODY = YES;
				CLANG_WARN_ENUM_CONVERSION = YES;
				CLANG_WARN_INFINITE_RECURSION = YES;
				CLANG_WARN_INT_CONVERSION = YES;
				CLANG_WARN_NON_LITERAL_NULL_CONVERSION = YES;
				CLANG_WARN_OBJC_IMPLICIT_RETAIN_SELF = YES;
				CLANG_WARN_OBJC_LITERAL_CONVERSION = YES;
				CLANG_WARN_OBJC_ROOT_CLASS = YES_ERROR;
				CLANG_WARN_QUOTED_INCLUDE_IN_FRAMEWORK_HEADER = YES;
				CLANG_WARN_RANGE_LOOP_ANALYSIS = YES;
				CLANG_WARN_STRICT_PROTOTYPES = YES;
				CLANG_WARN_SUSPICIOUS_MOVE = YES;
				CLANG_WARN_UNGUARDED_AVAILABILITY = YES_AGGRESSIVE;
				CLANG_WARN_UNREACHABLE_CODE = YES;
				CLANG_WARN__DUPLICATE_METHOD_MATCH = YES;
				COPY_PHASE_STRIP = NO;
				DEBUG_INFORMATION_FORMAT = "dwarf-with-dsym";
				ENABLE_NS_ASSERTIONS = NO;
				ENABLE_STRICT_OBJC_MSGSEND = YES;
				GCC_C_LANGUAGE_STANDARD = gnu11;
				GCC_NO_COMMON_BLOCKS = YES;
				GCC_WARN_64_TO_32_BIT_CONVERSION = YES;
				GCC_WARN_ABOUT_RETURN_TYPE = YES_ERROR;
				GCC_WARN_UNDECLARED_SELECTOR = YES;
				GCC_WARN_UNINITIALIZED_AUTOS = YES_AGGRESSIVE;
				GCC_WARN_UNUSED_FUNCTION = YES;
				GCC_WARN_UNUSED_VARIABLE = YES;
				IPHONEOS_DEPLOYMENT_TARGET = 14.2;
				MTL_ENABLE_DEBUG_INFO = NO;
				MTL_FAST_MATH = YES;
				SDKROOT = iphoneos;
				SWIFT_COMPILATION_MODE = wholemodule;
				SWIFT_OPTIMIZATION_LEVEL = "-O";
				VALIDATE_PRODUCT = YES;
			};
			name = Release;
		};
		1DF25908257D56B800D540B9 /* Debug */ = {
			isa = XCBuildConfiguration;
			buildSettings = {
				ASSETCATALOG_COMPILER_APPICON_NAME = AppIcon;
				ASSETCATALOG_COMPILER_GLOBAL_ACCENT_COLOR_NAME = AccentColor;
				CODE_SIGN_STYLE = Automatic;
				DEVELOPMENT_TEAM = DC4488GJZP;
				INFOPLIST_FILE = RecipesApp/Info.plist;
				LD_RUNPATH_SEARCH_PATHS = (
					"$(inherited)",
					"@executable_path/Frameworks",
				);
				PRODUCT_BUNDLE_IDENTIFIER = app.maslanka.RecipesApp;
				PRODUCT_NAME = "$(TARGET_NAME)";
				SWIFT_VERSION = 5.0;
				TARGETED_DEVICE_FAMILY = "1,2";
			};
			name = Debug;
		};
		1DF25909257D56B800D540B9 /* Release */ = {
			isa = XCBuildConfiguration;
			buildSettings = {
				ASSETCATALOG_COMPILER_APPICON_NAME = AppIcon;
				ASSETCATALOG_COMPILER_GLOBAL_ACCENT_COLOR_NAME = AccentColor;
				CODE_SIGN_STYLE = Automatic;
				DEVELOPMENT_TEAM = DC4488GJZP;
				INFOPLIST_FILE = RecipesApp/Info.plist;
				LD_RUNPATH_SEARCH_PATHS = (
					"$(inherited)",
					"@executable_path/Frameworks",
				);
				PRODUCT_BUNDLE_IDENTIFIER = app.maslanka.RecipesApp;
				PRODUCT_NAME = "$(TARGET_NAME)";
				SWIFT_VERSION = 5.0;
				TARGETED_DEVICE_FAMILY = "1,2";
			};
			name = Release;
		};
		1DF2590B257D56B800D540B9 /* Debug */ = {
			isa = XCBuildConfiguration;
			buildSettings = {
				ALWAYS_EMBED_SWIFT_STANDARD_LIBRARIES = YES;
				BUNDLE_LOADER = "$(TEST_HOST)";
				CODE_SIGN_STYLE = Automatic;
				DEVELOPMENT_TEAM = DC4488GJZP;
				INFOPLIST_FILE = RecipesAppTests/Info.plist;
				IPHONEOS_DEPLOYMENT_TARGET = 14.2;
				LD_RUNPATH_SEARCH_PATHS = (
					"$(inherited)",
					"@executable_path/Frameworks",
					"@loader_path/Frameworks",
				);
				PRODUCT_BUNDLE_IDENTIFIER = app.maslanka.RecipesAppTests;
				PRODUCT_NAME = "$(TARGET_NAME)";
				SWIFT_VERSION = 5.0;
				TARGETED_DEVICE_FAMILY = "1,2";
				TEST_HOST = "$(BUILT_PRODUCTS_DIR)/RecipesApp.app/RecipesApp";
			};
			name = Debug;
		};
		1DF2590C257D56B800D540B9 /* Release */ = {
			isa = XCBuildConfiguration;
			buildSettings = {
				ALWAYS_EMBED_SWIFT_STANDARD_LIBRARIES = YES;
				BUNDLE_LOADER = "$(TEST_HOST)";
				CODE_SIGN_STYLE = Automatic;
				DEVELOPMENT_TEAM = DC4488GJZP;
				INFOPLIST_FILE = RecipesAppTests/Info.plist;
				IPHONEOS_DEPLOYMENT_TARGET = 14.2;
				LD_RUNPATH_SEARCH_PATHS = (
					"$(inherited)",
					"@executable_path/Frameworks",
					"@loader_path/Frameworks",
				);
				PRODUCT_BUNDLE_IDENTIFIER = app.maslanka.RecipesAppTests;
				PRODUCT_NAME = "$(TARGET_NAME)";
				SWIFT_VERSION = 5.0;
				TARGETED_DEVICE_FAMILY = "1,2";
				TEST_HOST = "$(BUILT_PRODUCTS_DIR)/RecipesApp.app/RecipesApp";
			};
			name = Release;
		};
		1DF2590E257D56B800D540B9 /* Debug */ = {
			isa = XCBuildConfiguration;
			buildSettings = {
				ALWAYS_EMBED_SWIFT_STANDARD_LIBRARIES = YES;
				CODE_SIGN_STYLE = Automatic;
				DEVELOPMENT_TEAM = DC4488GJZP;
				INFOPLIST_FILE = RecipesAppUITests/Info.plist;
				LD_RUNPATH_SEARCH_PATHS = (
					"$(inherited)",
					"@executable_path/Frameworks",
					"@loader_path/Frameworks",
				);
				PRODUCT_BUNDLE_IDENTIFIER = app.maslanka.RecipesAppUITests;
				PRODUCT_NAME = "$(TARGET_NAME)";
				SWIFT_VERSION = 5.0;
				TARGETED_DEVICE_FAMILY = "1,2";
				TEST_TARGET_NAME = RecipesApp;
			};
			name = Debug;
		};
		1DF2590F257D56B800D540B9 /* Release */ = {
			isa = XCBuildConfiguration;
			buildSettings = {
				ALWAYS_EMBED_SWIFT_STANDARD_LIBRARIES = YES;
				CODE_SIGN_STYLE = Automatic;
				DEVELOPMENT_TEAM = DC4488GJZP;
				INFOPLIST_FILE = RecipesAppUITests/Info.plist;
				LD_RUNPATH_SEARCH_PATHS = (
					"$(inherited)",
					"@executable_path/Frameworks",
					"@loader_path/Frameworks",
				);
				PRODUCT_BUNDLE_IDENTIFIER = app.maslanka.RecipesAppUITests;
				PRODUCT_NAME = "$(TARGET_NAME)";
				SWIFT_VERSION = 5.0;
				TARGETED_DEVICE_FAMILY = "1,2";
				TEST_TARGET_NAME = RecipesApp;
			};
			name = Release;
		};
/* End XCBuildConfiguration section */

/* Begin XCConfigurationList section */
		1DF258D8257D56B800D540B9 /* Build configuration list for PBXProject "RecipesApp" */ = {
			isa = XCConfigurationList;
			buildConfigurations = (
				1DF25905257D56B800D540B9 /* Debug */,
				1DF25906257D56B800D540B9 /* Release */,
			);
			defaultConfigurationIsVisible = 0;
			defaultConfigurationName = Release;
		};
		1DF25907257D56B800D540B9 /* Build configuration list for PBXNativeTarget "RecipesApp" */ = {
			isa = XCConfigurationList;
			buildConfigurations = (
				1DF25908257D56B800D540B9 /* Debug */,
				1DF25909257D56B800D540B9 /* Release */,
			);
			defaultConfigurationIsVisible = 0;
			defaultConfigurationName = Release;
		};
		1DF2590A257D56B800D540B9 /* Build configuration list for PBXNativeTarget "RecipesAppTests" */ = {
			isa = XCConfigurationList;
			buildConfigurations = (
				1DF2590B257D56B800D540B9 /* Debug */,
				1DF2590C257D56B800D540B9 /* Release */,
			);
			defaultConfigurationIsVisible = 0;
			defaultConfigurationName = Release;
		};
		1DF2590D257D56B800D540B9 /* Build configuration list for PBXNativeTarget "RecipesAppUITests" */ = {
			isa = XCConfigurationList;
			buildConfigurations = (
				1DF2590E257D56B800D540B9 /* Debug */,
				1DF2590F257D56B800D540B9 /* Release */,
			);
			defaultConfigurationIsVisible = 0;
			defaultConfigurationName = Release;
		};
/* End XCConfigurationList section */
	};
	rootObject = 1DF258D5257D56B800D540B9 /* Project object */;
}
